// !$*UTF8*$!
{
	archiveVersion = 1;
	classes = {
	};
	objectVersion = 56;
	objects = {

/* Begin PBXBuildFile section */
		E01D03DD2A81F2A400B0AAFE /* URLComponents+Extension.swift in Sources */ = {isa = PBXBuildFile; fileRef = E01D03DC2A81F2A400B0AAFE /* URLComponents+Extension.swift */; };
		E06C0B1B2A4A8D9C00102E7F /* LoggingExtensions.docc in Sources */ = {isa = PBXBuildFile; fileRef = E06C0B1A2A4A8D9C00102E7F /* LoggingExtensions.docc */; };
		E06C0B212A4A8D9C00102E7F /* LoggingExtensions.framework in Frameworks */ = {isa = PBXBuildFile; fileRef = E06C0B162A4A8D9B00102E7F /* LoggingExtensions.framework */; };
		E06C0B262A4A8D9C00102E7F /* LoggingExtensionsTests.swift in Sources */ = {isa = PBXBuildFile; fileRef = E06C0B252A4A8D9C00102E7F /* LoggingExtensionsTests.swift */; };
		E06C0B272A4A8D9C00102E7F /* LoggingExtensions.h in Headers */ = {isa = PBXBuildFile; fileRef = E06C0B192A4A8D9B00102E7F /* LoggingExtensions.h */; settings = {ATTRIBUTES = (Public, ); }; };
		E06C0B352A4ABB4900102E7F /* Logger+Extension.swift in Sources */ = {isa = PBXBuildFile; fileRef = E06C0B342A4ABB4900102E7F /* Logger+Extension.swift */; };
		E06C0B372A4AC21600102E7F /* Error+Extension.swift in Sources */ = {isa = PBXBuildFile; fileRef = E06C0B362A4AC21600102E7F /* Error+Extension.swift */; };
		E06C0B392A4AC2B400102E7F /* LoggerMetadataValueConvertible.swift in Sources */ = {isa = PBXBuildFile; fileRef = E06C0B382A4AC2B400102E7F /* LoggerMetadataValueConvertible.swift */; };
		E06C0B3B2A4ACF5100102E7F /* HTTPURLResponse+Extension.swift in Sources */ = {isa = PBXBuildFile; fileRef = E06C0B3A2A4ACF5100102E7F /* HTTPURLResponse+Extension.swift */; };
		E071D7BF2A4ED811003B8CA1 /* HTTPHeaderConverter.swift in Sources */ = {isa = PBXBuildFile; fileRef = E071D7BE2A4ED811003B8CA1 /* HTTPHeaderConverter.swift */; };
		E071D7C12A4ED8A3003B8CA1 /* URLRequest+Extension.swift in Sources */ = {isa = PBXBuildFile; fileRef = E071D7C02A4ED8A3003B8CA1 /* URLRequest+Extension.swift */; };
/* End PBXBuildFile section */

/* Begin PBXContainerItemProxy section */
		E06C0B222A4A8D9C00102E7F /* PBXContainerItemProxy */ = {
			isa = PBXContainerItemProxy;
			containerPortal = E06C0B0D2A4A8D9B00102E7F /* Project object */;
			proxyType = 1;
			remoteGlobalIDString = E06C0B152A4A8D9B00102E7F;
			remoteInfo = LoggingExtensions;
		};
/* End PBXContainerItemProxy section */

/* Begin PBXFileReference section */
		E01D03DC2A81F2A400B0AAFE /* URLComponents+Extension.swift */ = {isa = PBXFileReference; lastKnownFileType = sourcecode.swift; path = "URLComponents+Extension.swift"; sourceTree = "<group>"; };
		E06C0B162A4A8D9B00102E7F /* LoggingExtensions.framework */ = {isa = PBXFileReference; explicitFileType = wrapper.framework; includeInIndex = 0; path = LoggingExtensions.framework; sourceTree = BUILT_PRODUCTS_DIR; };
		E06C0B192A4A8D9B00102E7F /* LoggingExtensions.h */ = {isa = PBXFileReference; lastKnownFileType = sourcecode.c.h; path = LoggingExtensions.h; sourceTree = "<group>"; };
		E06C0B1A2A4A8D9C00102E7F /* LoggingExtensions.docc */ = {isa = PBXFileReference; lastKnownFileType = folder.documentationcatalog; path = LoggingExtensions.docc; sourceTree = "<group>"; };
		E06C0B202A4A8D9C00102E7F /* LoggingExtensionsTests.xctest */ = {isa = PBXFileReference; explicitFileType = wrapper.cfbundle; includeInIndex = 0; path = LoggingExtensionsTests.xctest; sourceTree = BUILT_PRODUCTS_DIR; };
		E06C0B252A4A8D9C00102E7F /* LoggingExtensionsTests.swift */ = {isa = PBXFileReference; lastKnownFileType = sourcecode.swift; path = LoggingExtensionsTests.swift; sourceTree = "<group>"; };
		E06C0B342A4ABB4900102E7F /* Logger+Extension.swift */ = {isa = PBXFileReference; lastKnownFileType = sourcecode.swift; path = "Logger+Extension.swift"; sourceTree = "<group>"; };
		E06C0B362A4AC21600102E7F /* Error+Extension.swift */ = {isa = PBXFileReference; lastKnownFileType = sourcecode.swift; path = "Error+Extension.swift"; sourceTree = "<group>"; };
		E06C0B382A4AC2B400102E7F /* LoggerMetadataValueConvertible.swift */ = {isa = PBXFileReference; fileEncoding = 4; lastKnownFileType = sourcecode.swift; path = LoggerMetadataValueConvertible.swift; sourceTree = "<group>"; };
		E06C0B3A2A4ACF5100102E7F /* HTTPURLResponse+Extension.swift */ = {isa = PBXFileReference; lastKnownFileType = sourcecode.swift; path = "HTTPURLResponse+Extension.swift"; sourceTree = "<group>"; };
		E071D7BE2A4ED811003B8CA1 /* HTTPHeaderConverter.swift */ = {isa = PBXFileReference; lastKnownFileType = sourcecode.swift; path = HTTPHeaderConverter.swift; sourceTree = "<group>"; };
		E071D7C02A4ED8A3003B8CA1 /* URLRequest+Extension.swift */ = {isa = PBXFileReference; lastKnownFileType = sourcecode.swift; path = "URLRequest+Extension.swift"; sourceTree = "<group>"; };
/* End PBXFileReference section */

/* Begin PBXFrameworksBuildPhase section */
		E06C0B132A4A8D9B00102E7F /* Frameworks */ = {
			isa = PBXFrameworksBuildPhase;
			buildActionMask = 2147483647;
			files = (
			);
			runOnlyForDeploymentPostprocessing = 0;
		};
		E06C0B1D2A4A8D9C00102E7F /* Frameworks */ = {
			isa = PBXFrameworksBuildPhase;
			buildActionMask = 2147483647;
			files = (
				E06C0B212A4A8D9C00102E7F /* LoggingExtensions.framework in Frameworks */,
			);
			runOnlyForDeploymentPostprocessing = 0;
		};
/* End PBXFrameworksBuildPhase section */

/* Begin PBXGroup section */
		E06C0B0C2A4A8D9B00102E7F = {
			isa = PBXGroup;
			children = (
				E06C0B182A4A8D9B00102E7F /* LoggingExtensions */,
				E06C0B242A4A8D9C00102E7F /* LoggingExtensionsTests */,
				E06C0B172A4A8D9B00102E7F /* Products */,
			);
			sourceTree = "<group>";
		};
		E06C0B172A4A8D9B00102E7F /* Products */ = {
			isa = PBXGroup;
			children = (
				E06C0B162A4A8D9B00102E7F /* LoggingExtensions.framework */,
				E06C0B202A4A8D9C00102E7F /* LoggingExtensionsTests.xctest */,
			);
			name = Products;
			sourceTree = "<group>";
		};
		E06C0B182A4A8D9B00102E7F /* LoggingExtensions */ = {
			isa = PBXGroup;
			children = (
				E06C0B192A4A8D9B00102E7F /* LoggingExtensions.h */,
				E06C0B342A4ABB4900102E7F /* Logger+Extension.swift */,
				E06C0B382A4AC2B400102E7F /* LoggerMetadataValueConvertible.swift */,
				E06C0B362A4AC21600102E7F /* Error+Extension.swift */,
				E06C0B3A2A4ACF5100102E7F /* HTTPURLResponse+Extension.swift */,
				E071D7BE2A4ED811003B8CA1 /* HTTPHeaderConverter.swift */,
				E071D7C02A4ED8A3003B8CA1 /* URLRequest+Extension.swift */,
				E01D03DC2A81F2A400B0AAFE /* URLComponents+Extension.swift */,
				E06C0B1A2A4A8D9C00102E7F /* LoggingExtensions.docc */,
			);
			path = LoggingExtensions;
			sourceTree = "<group>";
		};
		E06C0B242A4A8D9C00102E7F /* LoggingExtensionsTests */ = {
			isa = PBXGroup;
			children = (
				E06C0B252A4A8D9C00102E7F /* LoggingExtensionsTests.swift */,
			);
			path = LoggingExtensionsTests;
			sourceTree = "<group>";
		};
/* End PBXGroup section */

/* Begin PBXHeadersBuildPhase section */
		E06C0B112A4A8D9B00102E7F /* Headers */ = {
			isa = PBXHeadersBuildPhase;
			buildActionMask = 2147483647;
			files = (
				E06C0B272A4A8D9C00102E7F /* LoggingExtensions.h in Headers */,
			);
			runOnlyForDeploymentPostprocessing = 0;
		};
/* End PBXHeadersBuildPhase section */

/* Begin PBXNativeTarget section */
		E06C0B152A4A8D9B00102E7F /* LoggingExtensions */ = {
			isa = PBXNativeTarget;
			buildConfigurationList = E06C0B2A2A4A8D9C00102E7F /* Build configuration list for PBXNativeTarget "LoggingExtensions" */;
			buildPhases = (
				E06C0B112A4A8D9B00102E7F /* Headers */,
				E06C0B122A4A8D9B00102E7F /* Sources */,
				E06C0B132A4A8D9B00102E7F /* Frameworks */,
				E06C0B142A4A8D9B00102E7F /* Resources */,
			);
			buildRules = (
			);
			dependencies = (
			);
			name = LoggingExtensions;
			productName = LoggingExtensions;
			productReference = E06C0B162A4A8D9B00102E7F /* LoggingExtensions.framework */;
			productType = "com.apple.product-type.framework";
		};
		E06C0B1F2A4A8D9C00102E7F /* LoggingExtensionsTests */ = {
			isa = PBXNativeTarget;
			buildConfigurationList = E06C0B2D2A4A8D9C00102E7F /* Build configuration list for PBXNativeTarget "LoggingExtensionsTests" */;
			buildPhases = (
				E06C0B1C2A4A8D9C00102E7F /* Sources */,
				E06C0B1D2A4A8D9C00102E7F /* Frameworks */,
				E06C0B1E2A4A8D9C00102E7F /* Resources */,
			);
			buildRules = (
			);
			dependencies = (
				E06C0B232A4A8D9C00102E7F /* PBXTargetDependency */,
			);
			name = LoggingExtensionsTests;
			productName = LoggingExtensionsTests;
			productReference = E06C0B202A4A8D9C00102E7F /* LoggingExtensionsTests.xctest */;
			productType = "com.apple.product-type.bundle.unit-test";
		};
/* End PBXNativeTarget section */

/* Begin PBXProject section */
		E06C0B0D2A4A8D9B00102E7F /* Project object */ = {
			isa = PBXProject;
			attributes = {
				BuildIndependentTargetsInParallel = 1;
				LastSwiftUpdateCheck = 1430;
				LastUpgradeCheck = 1430;
				TargetAttributes = {
					E06C0B152A4A8D9B00102E7F = {
						CreatedOnToolsVersion = 14.3.1;
					};
					E06C0B1F2A4A8D9C00102E7F = {
						CreatedOnToolsVersion = 14.3.1;
					};
				};
			};
			buildConfigurationList = E06C0B102A4A8D9B00102E7F /* Build configuration list for PBXProject "LoggingExtensions" */;
			compatibilityVersion = "Xcode 14.0";
			developmentRegion = en;
			hasScannedForEncodings = 0;
			knownRegions = (
				en,
				Base,
			);
			mainGroup = E06C0B0C2A4A8D9B00102E7F;
			productRefGroup = E06C0B172A4A8D9B00102E7F /* Products */;
			projectDirPath = "";
			projectRoot = "";
			targets = (
				E06C0B152A4A8D9B00102E7F /* LoggingExtensions */,
				E06C0B1F2A4A8D9C00102E7F /* LoggingExtensionsTests */,
			);
		};
/* End PBXProject section */

/* Begin PBXResourcesBuildPhase section */
		E06C0B142A4A8D9B00102E7F /* Resources */ = {
			isa = PBXResourcesBuildPhase;
			buildActionMask = 2147483647;
			files = (
			);
			runOnlyForDeploymentPostprocessing = 0;
		};
		E06C0B1E2A4A8D9C00102E7F /* Resources */ = {
			isa = PBXResourcesBuildPhase;
			buildActionMask = 2147483647;
			files = (
			);
			runOnlyForDeploymentPostprocessing = 0;
		};
/* End PBXResourcesBuildPhase section */

/* Begin PBXSourcesBuildPhase section */
		E06C0B122A4A8D9B00102E7F /* Sources */ = {
			isa = PBXSourcesBuildPhase;
			buildActionMask = 2147483647;
			files = (
				E06C0B3B2A4ACF5100102E7F /* HTTPURLResponse+Extension.swift in Sources */,
				E01D03DD2A81F2A400B0AAFE /* URLComponents+Extension.swift in Sources */,
				E071D7C12A4ED8A3003B8CA1 /* URLRequest+Extension.swift in Sources */,
				E06C0B352A4ABB4900102E7F /* Logger+Extension.swift in Sources */,
				E06C0B372A4AC21600102E7F /* Error+Extension.swift in Sources */,
				E071D7BF2A4ED811003B8CA1 /* HTTPHeaderConverter.swift in Sources */,
				E06C0B392A4AC2B400102E7F /* LoggerMetadataValueConvertible.swift in Sources */,
				E06C0B1B2A4A8D9C00102E7F /* LoggingExtensions.docc in Sources */,
			);
			runOnlyForDeploymentPostprocessing = 0;
		};
		E06C0B1C2A4A8D9C00102E7F /* Sources */ = {
			isa = PBXSourcesBuildPhase;
			buildActionMask = 2147483647;
			files = (
				E06C0B262A4A8D9C00102E7F /* LoggingExtensionsTests.swift in Sources */,
			);
			runOnlyForDeploymentPostprocessing = 0;
		};
/* End PBXSourcesBuildPhase section */

/* Begin PBXTargetDependency section */
		E06C0B232A4A8D9C00102E7F /* PBXTargetDependency */ = {
			isa = PBXTargetDependency;
			target = E06C0B152A4A8D9B00102E7F /* LoggingExtensions */;
			targetProxy = E06C0B222A4A8D9C00102E7F /* PBXContainerItemProxy */;
		};
/* End PBXTargetDependency section */

/* Begin XCBuildConfiguration section */
		E06C0B282A4A8D9C00102E7F /* Debug */ = {
			isa = XCBuildConfiguration;
			buildSettings = {
				ALWAYS_SEARCH_USER_PATHS = NO;
				CLANG_ANALYZER_NONNULL = YES;
				CLANG_ANALYZER_NUMBER_OBJECT_CONVERSION = YES_AGGRESSIVE;
				CLANG_CXX_LANGUAGE_STANDARD = "gnu++20";
				CLANG_ENABLE_MODULES = YES;
				CLANG_ENABLE_OBJC_ARC = YES;
				CLANG_ENABLE_OBJC_WEAK = YES;
				CLANG_WARN_BLOCK_CAPTURE_AUTORELEASING = YES;
				CLANG_WARN_BOOL_CONVERSION = YES;
				CLANG_WARN_COMMA = YES;
				CLANG_WARN_CONSTANT_CONVERSION = YES;
				CLANG_WARN_DEPRECATED_OBJC_IMPLEMENTATIONS = YES;
				CLANG_WARN_DIRECT_OBJC_ISA_USAGE = YES_ERROR;
				CLANG_WARN_DOCUMENTATION_COMMENTS = YES;
				CLANG_WARN_EMPTY_BODY = YES;
				CLANG_WARN_ENUM_CONVERSION = YES;
				CLANG_WARN_INFINITE_RECURSION = YES;
				CLANG_WARN_INT_CONVERSION = YES;
				CLANG_WARN_NON_LITERAL_NULL_CONVERSION = YES;
				CLANG_WARN_OBJC_IMPLICIT_RETAIN_SELF = YES;
				CLANG_WARN_OBJC_LITERAL_CONVERSION = YES;
				CLANG_WARN_OBJC_ROOT_CLASS = YES_ERROR;
				CLANG_WARN_QUOTED_INCLUDE_IN_FRAMEWORK_HEADER = YES;
				CLANG_WARN_RANGE_LOOP_ANALYSIS = YES;
				CLANG_WARN_STRICT_PROTOTYPES = YES;
				CLANG_WARN_SUSPICIOUS_MOVE = YES;
				CLANG_WARN_UNGUARDED_AVAILABILITY = YES_AGGRESSIVE;
				CLANG_WARN_UNREACHABLE_CODE = YES;
				CLANG_WARN__DUPLICATE_METHOD_MATCH = YES;
				COPY_PHASE_STRIP = NO;
				CURRENT_PROJECT_VERSION = 1;
				DEBUG_INFORMATION_FORMAT = dwarf;
				ENABLE_STRICT_OBJC_MSGSEND = YES;
				ENABLE_TESTABILITY = YES;
				GCC_C_LANGUAGE_STANDARD = gnu11;
				GCC_DYNAMIC_NO_PIC = NO;
				GCC_NO_COMMON_BLOCKS = YES;
				GCC_OPTIMIZATION_LEVEL = 0;
				GCC_PREPROCESSOR_DEFINITIONS = (
					"DEBUG=1",
					"$(inherited)",
				);
				GCC_WARN_64_TO_32_BIT_CONVERSION = YES;
				GCC_WARN_ABOUT_RETURN_TYPE = YES_ERROR;
				GCC_WARN_UNDECLARED_SELECTOR = YES;
				GCC_WARN_UNINITIALIZED_AUTOS = YES_AGGRESSIVE;
				GCC_WARN_UNUSED_FUNCTION = YES;
				GCC_WARN_UNUSED_VARIABLE = YES;
				MTL_ENABLE_DEBUG_INFO = INCLUDE_SOURCE;
				MTL_FAST_MATH = YES;
				ONLY_ACTIVE_ARCH = YES;
				SWIFT_ACTIVE_COMPILATION_CONDITIONS = DEBUG;
				SWIFT_OPTIMIZATION_LEVEL = "-Onone";
				VERSIONING_SYSTEM = "apple-generic";
				VERSION_INFO_PREFIX = "";
			};
			name = Debug;
		};
		E06C0B292A4A8D9C00102E7F /* Release */ = {
			isa = XCBuildConfiguration;
			buildSettings = {
				ALWAYS_SEARCH_USER_PATHS = NO;
				CLANG_ANALYZER_NONNULL = YES;
				CLANG_ANALYZER_NUMBER_OBJECT_CONVERSION = YES_AGGRESSIVE;
				CLANG_CXX_LANGUAGE_STANDARD = "gnu++20";
				CLANG_ENABLE_MODULES = YES;
				CLANG_ENABLE_OBJC_ARC = YES;
				CLANG_ENABLE_OBJC_WEAK = YES;
				CLANG_WARN_BLOCK_CAPTURE_AUTORELEASING = YES;
				CLANG_WARN_BOOL_CONVERSION = YES;
				CLANG_WARN_COMMA = YES;
				CLANG_WARN_CONSTANT_CONVERSION = YES;
				CLANG_WARN_DEPRECATED_OBJC_IMPLEMENTATIONS = YES;
				CLANG_WARN_DIRECT_OBJC_ISA_USAGE = YES_ERROR;
				CLANG_WARN_DOCUMENTATION_COMMENTS = YES;
				CLANG_WARN_EMPTY_BODY = YES;
				CLANG_WARN_ENUM_CONVERSION = YES;
				CLANG_WARN_INFINITE_RECURSION = YES;
				CLANG_WARN_INT_CONVERSION = YES;
				CLANG_WARN_NON_LITERAL_NULL_CONVERSION = YES;
				CLANG_WARN_OBJC_IMPLICIT_RETAIN_SELF = YES;
				CLANG_WARN_OBJC_LITERAL_CONVERSION = YES;
				CLANG_WARN_OBJC_ROOT_CLASS = YES_ERROR;
				CLANG_WARN_QUOTED_INCLUDE_IN_FRAMEWORK_HEADER = YES;
				CLANG_WARN_RANGE_LOOP_ANALYSIS = YES;
				CLANG_WARN_STRICT_PROTOTYPES = YES;
				CLANG_WARN_SUSPICIOUS_MOVE = YES;
				CLANG_WARN_UNGUARDED_AVAILABILITY = YES_AGGRESSIVE;
				CLANG_WARN_UNREACHABLE_CODE = YES;
				CLANG_WARN__DUPLICATE_METHOD_MATCH = YES;
				COPY_PHASE_STRIP = NO;
				CURRENT_PROJECT_VERSION = 1;
				DEBUG_INFORMATION_FORMAT = "dwarf-with-dsym";
				ENABLE_NS_ASSERTIONS = NO;
				ENABLE_STRICT_OBJC_MSGSEND = YES;
				GCC_C_LANGUAGE_STANDARD = gnu11;
				GCC_NO_COMMON_BLOCKS = YES;
				GCC_WARN_64_TO_32_BIT_CONVERSION = YES;
				GCC_WARN_ABOUT_RETURN_TYPE = YES_ERROR;
				GCC_WARN_UNDECLARED_SELECTOR = YES;
				GCC_WARN_UNINITIALIZED_AUTOS = YES_AGGRESSIVE;
				GCC_WARN_UNUSED_FUNCTION = YES;
				GCC_WARN_UNUSED_VARIABLE = YES;
				MTL_ENABLE_DEBUG_INFO = NO;
				MTL_FAST_MATH = YES;
				SWIFT_COMPILATION_MODE = wholemodule;
				SWIFT_OPTIMIZATION_LEVEL = "-O";
				VERSIONING_SYSTEM = "apple-generic";
				VERSION_INFO_PREFIX = "";
			};
			name = Release;
		};
		E06C0B2B2A4A8D9C00102E7F /* Debug */ = {
			isa = XCBuildConfiguration;
			buildSettings = {
				CODE_SIGN_STYLE = Automatic;
				CURRENT_PROJECT_VERSION = 1;
				DEFINES_MODULE = YES;
				DEVELOPMENT_TEAM = 8LTM9TQ3TB;
				DYLIB_COMPATIBILITY_VERSION = 1;
				DYLIB_CURRENT_VERSION = 1;
				DYLIB_INSTALL_NAME_BASE = "@rpath";
				ENABLE_MODULE_VERIFIER = YES;
				GENERATE_INFOPLIST_FILE = YES;
				INFOPLIST_KEY_NSHumanReadableCopyright = "";
				INSTALL_PATH = "$(LOCAL_LIBRARY_DIR)/Frameworks";
				IPHONEOS_DEPLOYMENT_TARGET = 16.4;
				LD_RUNPATH_SEARCH_PATHS = (
					"@executable_path/Frameworks",
					"@loader_path/Frameworks",
				);
				"LD_RUNPATH_SEARCH_PATHS[sdk=macosx*]" = (
					"@executable_path/../Frameworks",
					"@loader_path/Frameworks",
				);
				MACOSX_DEPLOYMENT_TARGET = 13.2;
				MARKETING_VERSION = 1.0;
				MODULE_VERIFIER_SUPPORTED_LANGUAGES = "objective-c objective-c++";
				MODULE_VERIFIER_SUPPORTED_LANGUAGE_STANDARDS = "gnu11 gnu++20";
				PRODUCT_BUNDLE_IDENTIFIER = sw.LoggingExtensions;
				PRODUCT_NAME = "$(TARGET_NAME:c99extidentifier)";
				SDKROOT = auto;
				SKIP_INSTALL = YES;
				SUPPORTED_PLATFORMS = "iphoneos iphonesimulator macosx";
				SWIFT_EMIT_LOC_STRINGS = YES;
				SWIFT_VERSION = 5.0;
				TARGETED_DEVICE_FAMILY = "1,2";
			};
			name = Debug;
		};
		E06C0B2C2A4A8D9C00102E7F /* Release */ = {
			isa = XCBuildConfiguration;
			buildSettings = {
				CODE_SIGN_STYLE = Automatic;
				CURRENT_PROJECT_VERSION = 1;
				DEFINES_MODULE = YES;
				DEVELOPMENT_TEAM = 8LTM9TQ3TB;
				DYLIB_COMPATIBILITY_VERSION = 1;
				DYLIB_CURRENT_VERSION = 1;
				DYLIB_INSTALL_NAME_BASE = "@rpath";
				ENABLE_MODULE_VERIFIER = YES;
				GENERATE_INFOPLIST_FILE = YES;
				INFOPLIST_KEY_NSHumanReadableCopyright = "";
				INSTALL_PATH = "$(LOCAL_LIBRARY_DIR)/Frameworks";
				IPHONEOS_DEPLOYMENT_TARGET = 16.4;
				LD_RUNPATH_SEARCH_PATHS = (
					"@executable_path/Frameworks",
					"@loader_path/Frameworks",
				);
				"LD_RUNPATH_SEARCH_PATHS[sdk=macosx*]" = (
					"@executable_path/../Frameworks",
					"@loader_path/Frameworks",
				);
				MACOSX_DEPLOYMENT_TARGET = 13.2;
				MARKETING_VERSION = 1.0;
				MODULE_VERIFIER_SUPPORTED_LANGUAGES = "objective-c objective-c++";
				MODULE_VERIFIER_SUPPORTED_LANGUAGE_STANDARDS = "gnu11 gnu++20";
				PRODUCT_BUNDLE_IDENTIFIER = sw.LoggingExtensions;
				PRODUCT_NAME = "$(TARGET_NAME:c99extidentifier)";
				SDKROOT = auto;
				SKIP_INSTALL = YES;
				SUPPORTED_PLATFORMS = "iphoneos iphonesimulator macosx";
				SWIFT_EMIT_LOC_STRINGS = YES;
				SWIFT_VERSION = 5.0;
				TARGETED_DEVICE_FAMILY = "1,2";
			};
			name = Release;
		};
		E06C0B2E2A4A8D9C00102E7F /* Debug */ = {
			isa = XCBuildConfiguration;
			buildSettings = {
				ALWAYS_EMBED_SWIFT_STANDARD_LIBRARIES = YES;
				CODE_SIGN_STYLE = Automatic;
				CURRENT_PROJECT_VERSION = 1;
				DEVELOPMENT_TEAM = 8LTM9TQ3TB;
				GENERATE_INFOPLIST_FILE = YES;
				IPHONEOS_DEPLOYMENT_TARGET = 16.4;
				MACOSX_DEPLOYMENT_TARGET = 13.2;
				MARKETING_VERSION = 1.0;
				PRODUCT_BUNDLE_IDENTIFIER = sw.LoggingExtensionsTests;
				PRODUCT_NAME = "$(TARGET_NAME)";
				SDKROOT = auto;
				SUPPORTED_PLATFORMS = "iphoneos iphonesimulator macosx";
				SWIFT_EMIT_LOC_STRINGS = NO;
				SWIFT_VERSION = 5.0;
				TARGETED_DEVICE_FAMILY = "1,2";
			};
			name = Debug;
		};
		E06C0B2F2A4A8D9C00102E7F /* Release */ = {
			isa = XCBuildConfiguration;
			buildSettings = {
				ALWAYS_EMBED_SWIFT_STANDARD_LIBRARIES = YES;
				CODE_SIGN_STYLE = Automatic;
				CURRENT_PROJECT_VERSION = 1;
				DEVELOPMENT_TEAM = 8LTM9TQ3TB;
				GENERATE_INFOPLIST_FILE = YES;
				IPHONEOS_DEPLOYMENT_TARGET = 16.4;
				MACOSX_DEPLOYMENT_TARGET = 13.2;
				MARKETING_VERSION = 1.0;
				PRODUCT_BUNDLE_IDENTIFIER = sw.LoggingExtensionsTests;
				PRODUCT_NAME = "$(TARGET_NAME)";
				SDKROOT = auto;
				SUPPORTED_PLATFORMS = "iphoneos iphonesimulator macosx";
				SWIFT_EMIT_LOC_STRINGS = NO;
				SWIFT_VERSION = 5.0;
				TARGETED_DEVICE_FAMILY = "1,2";
			};
			name = Release;
		};
/* End XCBuildConfiguration section */

/* Begin XCConfigurationList section */
		E06C0B102A4A8D9B00102E7F /* Build configuration list for PBXProject "LoggingExtensions" */ = {
			isa = XCConfigurationList;
			buildConfigurations = (
				E06C0B282A4A8D9C00102E7F /* Debug */,
				E06C0B292A4A8D9C00102E7F /* Release */,
			);
			defaultConfigurationIsVisible = 0;
			defaultConfigurationName = Release;
		};
		E06C0B2A2A4A8D9C00102E7F /* Build configuration list for PBXNativeTarget "LoggingExtensions" */ = {
			isa = XCConfigurationList;
			buildConfigurations = (
				E06C0B2B2A4A8D9C00102E7F /* Debug */,
				E06C0B2C2A4A8D9C00102E7F /* Release */,
			);
			defaultConfigurationIsVisible = 0;
			defaultConfigurationName = Release;
		};
		E06C0B2D2A4A8D9C00102E7F /* Build configuration list for PBXNativeTarget "LoggingExtensionsTests" */ = {
			isa = XCConfigurationList;
			buildConfigurations = (
				E06C0B2E2A4A8D9C00102E7F /* Debug */,
				E06C0B2F2A4A8D9C00102E7F /* Release */,
			);
			defaultConfigurationIsVisible = 0;
			defaultConfigurationName = Release;
		};
/* End XCConfigurationList section */
	};
	rootObject = E06C0B0D2A4A8D9B00102E7F /* Project object */;
}
